
Microsoft Visual Studio Solution File, Format Version 12.00
# Visual Studio Version 17
VisualStudioVersion = 17.0.31903.59
MinimumVisualStudioVersion = 10.0.40219.1
Project("{FAE04EC0-301F-11D3-BF4B-00C04F79EFBC}") = "TFLOBL", "Layered\TFLOBL\TFLOBL.csproj", "{BF5B01C3-61BD-4547-A617-F12788B2DC7E}"
EndProject
Project("{FAE04EC0-301F-11D3-BF4B-00C04F79EFBC}") = "TFLSAL", "Layered\TFLSAL\TFLSAL.csproj", "{322364A8-37E9-4D73-B2E8-988A5BBF0D1A}"
EndProject
Project("{FAE04EC0-301F-11D3-BF4B-00C04F79EFBC}") = "Intranet", "Layered\Intranet\Intranet.csproj", "{A46B0CAC-E164-4C74-907B-CFEFAF98DC8E}"
EndProject
Project("{FAE04EC0-301F-11D3-BF4B-00C04F79EFBC}") = "NotificationLib", "Layered\NotificationLib\NotificationLib.csproj", "{2A77D5E3-DACE-4A97-9FCA-A6AF77BDE375}"
EndProject
Project("{FAE04EC0-301F-11D3-BF4B-00C04F79EFBC}") = "UtilityLib", "Layered\UtilityLib\UtilityLib.csproj", "{44529013-B6C5-421C-89F9-4A6C4D280E21}"
EndProject
Global
	GlobalSection(SolutionConfigurationPlatforms) = preSolution
		Debug|Any CPU = Debug|Any CPU
		Release|Any CPU = Release|Any CPU
	EndGlobalSection
	GlobalSection(SolutionProperties) = preSolution
		HideSolutionNode = FALSE
	EndGlobalSection
	GlobalSection(ProjectConfigurationPlatforms) = postSolution
		{BF5B01C3-61BD-4547-A617-F12788B2DC7E}.Debug|Any CPU.ActiveCfg = Debug|Any CPU
		{BF5B01C3-61BD-4547-A617-F12788B2DC7E}.Debug|Any CPU.Build.0 = Debug|Any CPU
		{BF5B01C3-61BD-4547-A617-F12788B2DC7E}.Release|Any CPU.ActiveCfg = Release|Any CPU
		{BF5B01C3-61BD-4547-A617-F12788B2DC7E}.Release|Any CPU.Build.0 = Release|Any CPU
		{2AB2BB70-2811-4A39-87B7-287E794149A2}.Debug|Any CPU.ActiveCfg = Debug|Any CPU
		{2AB2BB70-2811-4A39-87B7-287E794149A2}.Debug|Any CPU.Build.0 = Debug|Any CPU
		{2AB2BB70-2811-4A39-87B7-287E794149A2}.Release|Any CPU.ActiveCfg = Release|Any CPU
		{2AB2BB70-2811-4A39-87B7-287E794149A2}.Release|Any CPU.Build.0 = Release|Any CPU
		{322364A8-37E9-4D73-B2E8-988A5BBF0D1A}.Debug|Any CPU.ActiveCfg = Debug|Any CPU
		{322364A8-37E9-4D73-B2E8-988A5BBF0D1A}.Debug|Any CPU.Build.0 = Debug|Any CPU
		{322364A8-37E9-4D73-B2E8-988A5BBF0D1A}.Release|Any CPU.ActiveCfg = Release|Any CPU
		{322364A8-37E9-4D73-B2E8-988A5BBF0D1A}.Release|Any CPU.Build.0 = Release|Any CPU
		{A46B0CAC-E164-4C74-907B-CFEFAF98DC8E}.Debug|Any CPU.ActiveCfg = Debug|Any CPU
		{A46B0CAC-E164-4C74-907B-CFEFAF98DC8E}.Debug|Any CPU.Build.0 = Debug|Any CPU
		{A46B0CAC-E164-4C74-907B-CFEFAF98DC8E}.Release|Any CPU.ActiveCfg = Release|Any CPU
		{A46B0CAC-E164-4C74-907B-CFEFAF98DC8E}.Release|Any CPU.Build.0 = Release|Any CPU
		{2A77D5E3-DACE-4A97-9FCA-A6AF77BDE375}.Debug|Any CPU.ActiveCfg = Debug|Any CPU
		{2A77D5E3-DACE-4A97-9FCA-A6AF77BDE375}.Debug|Any CPU.Build.0 = Debug|Any CPU
		{2A77D5E3-DACE-4A97-9FCA-A6AF77BDE375}.Release|Any CPU.ActiveCfg = Release|Any CPU
		{2A77D5E3-DACE-4A97-9FCA-A6AF77BDE375}.Release|Any CPU.Build.0 = Release|Any CPU
		{44529013-B6C5-421C-89F9-4A6C4D280E21}.Debug|Any CPU.ActiveCfg = Debug|Any CPU
		{44529013-B6C5-421C-89F9-4A6C4D280E21}.Debug|Any CPU.Build.0 = Debug|Any CPU
		{44529013-B6C5-421C-89F9-4A6C4D280E21}.Release|Any CPU.ActiveCfg = Release|Any CPU
		{44529013-B6C5-421C-89F9-4A6C4D280E21}.Release|Any CPU.Build.0 = Release|Any CPU
	EndGlobalSection
EndGlobal
