
Microsoft Visual Studio Solution File, Format Version 12.00
# Visual Studio Version 17
VisualStudioVersion = 17.5.002.0
MinimumVisualStudioVersion = 10.0.40219.1
Project("{9A19103F-16F7-4668-BE54-9A1E7A4F7556}") = "Intranet", "Intranet.csproj", "{932CE62D-F5FC-4197-B5E3-BD55182AC68C}"
EndProject
Global
	GlobalSection(SolutionConfigurationPlatforms) = preSolution
		Debug|Any CPU = Debug|Any CPU
		Release|Any CPU = Release|Any CPU
	EndGlobalSection
	GlobalSection(ProjectConfigurationPlatforms) = postSolution
		{932CE62D-F5FC-4197-B5E3-BD55182AC68C}.Debug|Any CPU.ActiveCfg = Debug|Any CPU
		{932CE62D-F5FC-4197-B5E3-BD55182AC68C}.Debug|Any CPU.Build.0 = Debug|Any CPU
		{932CE62D-F5FC-4197-B5E3-BD55182AC68C}.Release|Any CPU.ActiveCfg = Release|Any CPU
		{932CE62D-F5FC-4197-B5E3-BD55182AC68C}.Release|Any CPU.Build.0 = Release|Any CPU
	EndGlobalSection
	GlobalSection(SolutionProperties) = preSolution
		HideSolutionNode = FALSE
	EndGlobalSection
	GlobalSection(ExtensibilityGlobals) = postSolution
		SolutionGuid = {B16E9C1B-5E25-464A-913F-2717D60FBA2E}
	EndGlobalSection
EndGlobal
